// !$*UTF8*$!
{
	archiveVersion = 1;
	classes = {
	};
	objectVersion = 46;
	objects = {

/* Begin PBXBuildFile section */
		6C3519721DB6415D00F3D879 /* AppDelegate.swift in Sources */ = {isa = PBXBuildFile; fileRef = 6C3519711DB6415D00F3D879 /* AppDelegate.swift */; };
		6C3519741DB6415D00F3D879 /* MasterViewController.swift in Sources */ = {isa = PBXBuildFile; fileRef = 6C3519731DB6415D00F3D879 /* MasterViewController.swift */; };
		6C3519761DB6415D00F3D879 /* DetailViewController.swift in Sources */ = {isa = PBXBuildFile; fileRef = 6C3519751DB6415D00F3D879 /* DetailViewController.swift */; };
		6C3519791DB6415D00F3D879 /* Main.storyboard in Resources */ = {isa = PBXBuildFile; fileRef = 6C3519771DB6415D00F3D879 /* Main.storyboard */; };
		6C35197B1DB6415D00F3D879 /* Assets.xcassets in Resources */ = {isa = PBXBuildFile; fileRef = 6C35197A1DB6415D00F3D879 /* Assets.xcassets */; };
		6C35197E1DB6415D00F3D879 /* LaunchScreen.storyboard in Resources */ = {isa = PBXBuildFile; fileRef = 6C35197C1DB6415D00F3D879 /* LaunchScreen.storyboard */; };
		6C3519861DB6417500F3D879 /* Fancam.swift in Sources */ = {isa = PBXBuildFile; fileRef = 6C3519851DB6417500F3D879 /* Fancam.swift */; };
		6CD613171DB76FD700769914 /* WKWebViewWrapper.swift in Sources */ = {isa = PBXBuildFile; fileRef = 6CD613161DB76FD700769914 /* WKWebViewWrapper.swift */; };
/* End PBXBuildFile section */

/* Begin PBXFileReference section */
		6C35196E1DB6415D00F3D879 /* FancamWebViewExample.app */ = {isa = PBXFileReference; explicitFileType = wrapper.application; includeInIndex = 0; path = FancamWebViewExample.app; sourceTree = BUILT_PRODUCTS_DIR; };
		6C3519711DB6415D00F3D879 /* AppDelegate.swift */ = {isa = PBXFileReference; lastKnownFileType = sourcecode.swift; path = AppDelegate.swift; sourceTree = "<group>"; };
		6C3519731DB6415D00F3D879 /* MasterViewController.swift */ = {isa = PBXFileReference; lastKnownFileType = sourcecode.swift; path = MasterViewController.swift; sourceTree = "<group>"; };
		6C3519751DB6415D00F3D879 /* DetailViewController.swift */ = {isa = PBXFileReference; lastKnownFileType = sourcecode.swift; path = DetailViewController.swift; sourceTree = "<group>"; };
		6C3519781DB6415D00F3D879 /* Base */ = {isa = PBXFileReference; lastKnownFileType = file.storyboard; name = Base; path = Base.lproj/Main.storyboard; sourceTree = "<group>"; };
		6C35197A1DB6415D00F3D879 /* Assets.xcassets */ = {isa = PBXFileReference; lastKnownFileType = folder.assetcatalog; path = Assets.xcassets; sourceTree = "<group>"; };
		6C35197D1DB6415D00F3D879 /* Base */ = {isa = PBXFileReference; lastKnownFileType = file.storyboard; name = Base; path = Base.lproj/LaunchScreen.storyboard; sourceTree = "<group>"; };
		6C35197F1DB6415D00F3D879 /* Info.plist */ = {isa = PBXFileReference; lastKnownFileType = text.plist.xml; path = Info.plist; sourceTree = "<group>"; };
		6C3519851DB6417500F3D879 /* Fancam.swift */ = {isa = PBXFileReference; fileEncoding = 4; lastKnownFileType = sourcecode.swift; path = Fancam.swift; sourceTree = "<group>"; };
		6CD613161DB76FD700769914 /* WKWebViewWrapper.swift */ = {isa = PBXFileReference; fileEncoding = 4; lastKnownFileType = sourcecode.swift; path = WKWebViewWrapper.swift; sourceTree = "<group>"; };
/* End PBXFileReference section */

/* Begin PBXFrameworksBuildPhase section */
		6C35196B1DB6415D00F3D879 /* Frameworks */ = {
			isa = PBXFrameworksBuildPhase;
			buildActionMask = 2147483647;
			files = (
			);
			runOnlyForDeploymentPostprocessing = 0;
		};
/* End PBXFrameworksBuildPhase section */

/* Begin PBXGroup section */
		6C3519651DB6415D00F3D879 = {
			isa = PBXGroup;
			children = (
				6C3519701DB6415D00F3D879 /* FancamWebViewExample */,
				6C35196F1DB6415D00F3D879 /* Products */,
			);
			sourceTree = "<group>";
		};
		6C35196F1DB6415D00F3D879 /* Products */ = {
			isa = PBXGroup;
			children = (
				6C35196E1DB6415D00F3D879 /* FancamWebViewExample.app */,
			);
			name = Products;
			sourceTree = "<group>";
		};
		6C3519701DB6415D00F3D879 /* FancamWebViewExample */ = {
			isa = PBXGroup;
			children = (
				6C3519711DB6415D00F3D879 /* AppDelegate.swift */,
				6C3519731DB6415D00F3D879 /* MasterViewController.swift */,
				6C3519751DB6415D00F3D879 /* DetailViewController.swift */,
				6C3519851DB6417500F3D879 /* Fancam.swift */,
				6C3519771DB6415D00F3D879 /* Main.storyboard */,
				6C35197A1DB6415D00F3D879 /* Assets.xcassets */,
				6C35197C1DB6415D00F3D879 /* LaunchScreen.storyboard */,
				6C35197F1DB6415D00F3D879 /* Info.plist */,
				6CD613161DB76FD700769914 /* WKWebViewWrapper.swift */,
			);
			path = FancamWebViewExample;
			sourceTree = "<group>";
		};
/* End PBXGroup section */

/* Begin PBXNativeTarget section */
		6C35196D1DB6415D00F3D879 /* FancamWebViewExample */ = {
			isa = PBXNativeTarget;
			buildConfigurationList = 6C3519821DB6415D00F3D879 /* Build configuration list for PBXNativeTarget "FancamWebViewExample" */;
			buildPhases = (
				6C35196A1DB6415D00F3D879 /* Sources */,
				6C35196B1DB6415D00F3D879 /* Frameworks */,
				6C35196C1DB6415D00F3D879 /* Resources */,
			);
			buildRules = (
			);
			dependencies = (
			);
			name = FancamWebViewExample;
			productName = FancamWebViewExample;
			productReference = 6C35196E1DB6415D00F3D879 /* FancamWebViewExample.app */;
			productType = "com.apple.product-type.application";
		};
/* End PBXNativeTarget section */

/* Begin PBXProject section */
		6C3519661DB6415D00F3D879 /* Project object */ = {
			isa = PBXProject;
			attributes = {
				LastSwiftUpdateCheck = 0800;
				LastUpgradeCheck = 0800;
				ORGANIZATIONNAME = Fancam;
				TargetAttributes = {
					6C35196D1DB6415D00F3D879 = {
						CreatedOnToolsVersion = 8.0;
						DevelopmentTeam = 86MML85QU4;
						ProvisioningStyle = Automatic;
					};
				};
			};
			buildConfigurationList = 6C3519691DB6415D00F3D879 /* Build configuration list for PBXProject "FancamWebViewExample" */;
			compatibilityVersion = "Xcode 3.2";
			developmentRegion = English;
			hasScannedForEncodings = 0;
			knownRegions = (
				en,
				Base,
			);
			mainGroup = 6C3519651DB6415D00F3D879;
			productRefGroup = 6C35196F1DB6415D00F3D879 /* Products */;
			projectDirPath = "";
			projectRoot = "";
			targets = (
				6C35196D1DB6415D00F3D879 /* FancamWebViewExample */,
			);
		};
/* End PBXProject section */

/* Begin PBXResourcesBuildPhase section */
		6C35196C1DB6415D00F3D879 /* Resources */ = {
			isa = PBXResourcesBuildPhase;
			buildActionMask = 2147483647;
			files = (
				6C35197E1DB6415D00F3D879 /* LaunchScreen.storyboard in Resources */,
				6C35197B1DB6415D00F3D879 /* Assets.xcassets in Resources */,
				6C3519791DB6415D00F3D879 /* Main.storyboard in Resources */,
			);
			runOnlyForDeploymentPostprocessing = 0;
		};
/* End PBXResourcesBuildPhase section */

/* Begin PBXSourcesBuildPhase section */
		6C35196A1DB6415D00F3D879 /* Sources */ = {
			isa = PBXSourcesBuildPhase;
			buildActionMask = 2147483647;
			files = (
				6C3519761DB6415D00F3D879 /* DetailViewController.swift in Sources */,
				6C3519861DB6417500F3D879 /* Fancam.swift in Sources */,
				6CD613171DB76FD700769914 /* WKWebViewWrapper.swift in Sources */,
				6C3519741DB6415D00F3D879 /* MasterViewController.swift in Sources */,
				6C3519721DB6415D00F3D879 /* AppDelegate.swift in Sources */,
			);
			runOnlyForDeploymentPostprocessing = 0;
		};
/* End PBXSourcesBuildPhase section */

/* Begin PBXVariantGroup section */
		6C3519771DB6415D00F3D879 /* Main.storyboard */ = {
			isa = PBXVariantGroup;
			children = (
				6C3519781DB6415D00F3D879 /* Base */,
			);
			name = Main.storyboard;
			sourceTree = "<group>";
		};
		6C35197C1DB6415D00F3D879 /* LaunchScreen.storyboard */ = {
			isa = PBXVariantGroup;
			children = (
				6C35197D1DB6415D00F3D879 /* Base */,
			);
			name = LaunchScreen.storyboard;
			sourceTree = "<group>";
		};
/* End PBXVariantGroup section */

/* Begin XCBuildConfiguration section */
		6C3519801DB6415D00F3D879 /* Debug */ = {
			isa = XCBuildConfiguration;
			buildSettings = {
				ALWAYS_SEARCH_USER_PATHS = NO;
				CLANG_ANALYZER_NONNULL = YES;
				CLANG_CXX_LANGUAGE_STANDARD = "gnu++0x";
				CLANG_CXX_LIBRARY = "libc++";
				CLANG_ENABLE_MODULES = YES;
				CLANG_ENABLE_OBJC_ARC = YES;
				CLANG_WARN_BOOL_CONVERSION = YES;
				CLANG_WARN_CONSTANT_CONVERSION = YES;
				CLANG_WARN_DIRECT_OBJC_ISA_USAGE = YES_ERROR;
				CLANG_WARN_DOCUMENTATION_COMMENTS = YES;
				CLANG_WARN_EMPTY_BODY = YES;
				CLANG_WARN_ENUM_CONVERSION = YES;
				CLANG_WARN_INFINITE_RECURSION = YES;
				CLANG_WARN_INT_CONVERSION = YES;
				CLANG_WARN_OBJC_ROOT_CLASS = YES_ERROR;
				CLANG_WARN_SUSPICIOUS_MOVES = YES;
				CLANG_WARN_UNREACHABLE_CODE = YES;
				CLANG_WARN__DUPLICATE_METHOD_MATCH = YES;
				"CODE_SIGN_IDENTITY[sdk=iphoneos*]" = "iPhone Developer";
				COPY_PHASE_STRIP = NO;
				DEBUG_INFORMATION_FORMAT = dwarf;
				ENABLE_STRICT_OBJC_MSGSEND = YES;
				ENABLE_TESTABILITY = YES;
				GCC_C_LANGUAGE_STANDARD = gnu99;
				GCC_DYNAMIC_NO_PIC = NO;
				GCC_NO_COMMON_BLOCKS = YES;
				GCC_OPTIMIZATION_LEVEL = 0;
				GCC_PREPROCESSOR_DEFINITIONS = (
					"DEBUG=1",
					"$(inherited)",
				);
				GCC_WARN_64_TO_32_BIT_CONVERSION = YES;
				GCC_WARN_ABOUT_RETURN_TYPE = YES_ERROR;
				GCC_WARN_UNDECLARED_SELECTOR = YES;
				GCC_WARN_UNINITIALIZED_AUTOS = YES_AGGRESSIVE;
				GCC_WARN_UNUSED_FUNCTION = YES;
				GCC_WARN_UNUSED_VARIABLE = YES;
				IPHONEOS_DEPLOYMENT_TARGET = 8.0;
				MTL_ENABLE_DEBUG_INFO = YES;
				ONLY_ACTIVE_ARCH = YES;
				SDKROOT = iphoneos;
				SWIFT_ACTIVE_COMPILATION_CONDITIONS = DEBUG;
				SWIFT_OPTIMIZATION_LEVEL = "-Onone";
				TARGETED_DEVICE_FAMILY = "1,2";
			};
			name = Debug;
		};
		6C3519811DB6415D00F3D879 /* Release */ = {
			isa = XCBuildConfiguration;
			buildSettings = {
				ALWAYS_SEARCH_USER_PATHS = NO;
				CLANG_ANALYZER_NONNULL = YES;
				CLANG_CXX_LANGUAGE_STANDARD = "gnu++0x";
				CLANG_CXX_LIBRARY = "libc++";
				CLANG_ENABLE_MODULES = YES;
				CLANG_ENABLE_OBJC_ARC = YES;
				CLANG_WARN_BOOL_CONVERSION = YES;
				CLANG_WARN_CONSTANT_CONVERSION = YES;
				CLANG_WARN_DIRECT_OBJC_ISA_USAGE = YES_ERROR;
				CLANG_WARN_DOCUMENTATION_COMMENTS = YES;
				CLANG_WARN_EMPTY_BODY = YES;
				CLANG_WARN_ENUM_CONVERSION = YES;
				CLANG_WARN_INFINITE_RECURSION = YES;
				CLANG_WARN_INT_CONVERSION = YES;
				CLANG_WARN_OBJC_ROOT_CLASS = YES_ERROR;
				CLANG_WARN_SUSPICIOUS_MOVES = YES;
				CLANG_WARN_UNREACHABLE_CODE = YES;
				CLANG_WARN__DUPLICATE_METHOD_MATCH = YES;
				"CODE_SIGN_IDENTITY[sdk=iphoneos*]" = "iPhone Developer";
				COPY_PHASE_STRIP = NO;
				DEBUG_INFORMATION_FORMAT = "dwarf-with-dsym";
				ENABLE_NS_ASSERTIONS = NO;
				ENABLE_STRICT_OBJC_MSGSEND = YES;
				GCC_C_LANGUAGE_STANDARD = gnu99;
				GCC_NO_COMMON_BLOCKS = YES;
				GCC_WARN_64_TO_32_BIT_CONVERSION = YES;
				GCC_WARN_ABOUT_RETURN_TYPE = YES_ERROR;
				GCC_WARN_UNDECLARED_SELECTOR = YES;
				GCC_WARN_UNINITIALIZED_AUTOS = YES_AGGRESSIVE;
				GCC_WARN_UNUSED_FUNCTION = YES;
				GCC_WARN_UNUSED_VARIABLE = YES;
				IPHONEOS_DEPLOYMENT_TARGET = 8.0;
				MTL_ENABLE_DEBUG_INFO = NO;
				SDKROOT = iphoneos;
				SWIFT_OPTIMIZATION_LEVEL = "-Owholemodule";
				TARGETED_DEVICE_FAMILY = "1,2";
				VALIDATE_PRODUCT = YES;
			};
			name = Release;
		};
		6C3519831DB6415D00F3D879 /* Debug */ = {
			isa = XCBuildConfiguration;
			buildSettings = {
				ASSETCATALOG_COMPILER_APPICON_NAME = AppIcon;
				DEVELOPMENT_TEAM = 86MML85QU4;
				INFOPLIST_FILE = FancamWebViewExample/Info.plist;
				LD_RUNPATH_SEARCH_PATHS = "$(inherited) @executable_path/Frameworks";
				PRODUCT_BUNDLE_IDENTIFIER = com.fancam.FancamWebViewExample;
				PRODUCT_NAME = "$(TARGET_NAME)";
				SWIFT_VERSION = 3.0;
			};
			name = Debug;
		};
		6C3519841DB6415D00F3D879 /* Release */ = {
			isa = XCBuildConfiguration;
			buildSettings = {
				ASSETCATALOG_COMPILER_APPICON_NAME = AppIcon;
				DEVELOPMENT_TEAM = 86MML85QU4;
				INFOPLIST_FILE = FancamWebViewExample/Info.plist;
				LD_RUNPATH_SEARCH_PATHS = "$(inherited) @executable_path/Frameworks";
				PRODUCT_BUNDLE_IDENTIFIER = com.fancam.FancamWebViewExample;
				PRODUCT_NAME = "$(TARGET_NAME)";
				SWIFT_VERSION = 3.0;
			};
			name = Release;
		};
/* End XCBuildConfiguration section */

/* Begin XCConfigurationList section */
		6C3519691DB6415D00F3D879 /* Build configuration list for PBXProject "FancamWebViewExample" */ = {
			isa = XCConfigurationList;
			buildConfigurations = (
				6C3519801DB6415D00F3D879 /* Debug */,
				6C3519811DB6415D00F3D879 /* Release */,
			);
			defaultConfigurationIsVisible = 0;
			defaultConfigurationName = Release;
		};
		6C3519821DB6415D00F3D879 /* Build configuration list for PBXNativeTarget "FancamWebViewExample" */ = {
			isa = XCConfigurationList;
			buildConfigurations = (
				6C3519831DB6415D00F3D879 /* Debug */,
				6C3519841DB6415D00F3D879 /* Release */,
			);
			defaultConfigurationIsVisible = 0;
			defaultConfigurationName = Release;
		};
/* End XCConfigurationList section */
	};
	rootObject = 6C3519661DB6415D00F3D879 /* Project object */;
}
